// !$*UTF8*$!
{
	archiveVersion = 1;
	classes = {
	};
	objectVersion = 46;
	objects = {

/* Begin PBXBuildFile section */
		85BA17B118322E0D000A318C /* Foundation.framework in Frameworks */ = {isa = PBXBuildFile; fileRef = 85BA17B018322E0D000A318C /* Foundation.framework */; };
		85BA17B318322E0D000A318C /* CoreGraphics.framework in Frameworks */ = {isa = PBXBuildFile; fileRef = 85BA17B218322E0D000A318C /* CoreGraphics.framework */; };
		85BA17B518322E0D000A318C /* UIKit.framework in Frameworks */ = {isa = PBXBuildFile; fileRef = 85BA17B418322E0D000A318C /* UIKit.framework */; };
		85BA17BB18322E0D000A318C /* InfoPlist.strings in Resources */ = {isa = PBXBuildFile; fileRef = 85BA17B918322E0D000A318C /* InfoPlist.strings */; };
		85BA17BD18322E0D000A318C /* main.m in Sources */ = {isa = PBXBuildFile; fileRef = 85BA17BC18322E0D000A318C /* main.m */; };
		85BA17C118322E0D000A318C /* AppDelegate.m in Sources */ = {isa = PBXBuildFile; fileRef = 85BA17C018322E0D000A318C /* AppDelegate.m */; };
		85BA17C418322E0D000A318C /* Main_iPhone.storyboard in Resources */ = {isa = PBXBuildFile; fileRef = 85BA17C218322E0D000A318C /* Main_iPhone.storyboard */; };
		85BA17C718322E0D000A318C /* Main_iPad.storyboard in Resources */ = {isa = PBXBuildFile; fileRef = 85BA17C518322E0D000A318C /* Main_iPad.storyboard */; };
		85BA17CA18322E0D000A318C /* ViewController.m in Sources */ = {isa = PBXBuildFile; fileRef = 85BA17C918322E0D000A318C /* ViewController.m */; };
		85BA17CC18322E0D000A318C /* Images.xcassets in Resources */ = {isa = PBXBuildFile; fileRef = 85BA17CB18322E0D000A318C /* Images.xcassets */; };
		85BA17D318322E0E000A318C /* XCTest.framework in Frameworks */ = {isa = PBXBuildFile; fileRef = 85BA17D218322E0E000A318C /* XCTest.framework */; };
		85BA17D418322E0E000A318C /* Foundation.framework in Frameworks */ = {isa = PBXBuildFile; fileRef = 85BA17B018322E0D000A318C /* Foundation.framework */; };
		85BA17D518322E0E000A318C /* UIKit.framework in Frameworks */ = {isa = PBXBuildFile; fileRef = 85BA17B418322E0D000A318C /* UIKit.framework */; };
		85BA17DD18322E0E000A318C /* InfoPlist.strings in Resources */ = {isa = PBXBuildFile; fileRef = 85BA17DB18322E0E000A318C /* InfoPlist.strings */; };
		85BA17DF18322E0E000A318C /* ProgressUpTests.m in Sources */ = {isa = PBXBuildFile; fileRef = 85BA17DE18322E0E000A318C /* ProgressUpTests.m */; };
		85DDA47C1832816800098D68 /* CurveView.m in Sources */ = {isa = PBXBuildFile; fileRef = 85DDA47B1832816800098D68 /* CurveView.m */; };
/* End PBXBuildFile section */

/* Begin PBXContainerItemProxy section */
		85BA17D618322E0E000A318C /* PBXContainerItemProxy */ = {
			isa = PBXContainerItemProxy;
			containerPortal = 85BA17A518322E0D000A318C /* Project object */;
			proxyType = 1;
			remoteGlobalIDString = 85BA17AC18322E0D000A318C;
			remoteInfo = ProgressUp;
		};
/* End PBXContainerItemProxy section */

/* Begin PBXFileReference section */
		85BA17AD18322E0D000A318C /* ProgressUp.app */ = {isa = PBXFileReference; explicitFileType = wrapper.application; includeInIndex = 0; path = ProgressUp.app; sourceTree = BUILT_PRODUCTS_DIR; };
		85BA17B018322E0D000A318C /* Foundation.framework */ = {isa = PBXFileReference; lastKnownFileType = wrapper.framework; name = Foundation.framework; path = System/Library/Frameworks/Foundation.framework; sourceTree = SDKROOT; };
		85BA17B218322E0D000A318C /* CoreGraphics.framework */ = {isa = PBXFileReference; lastKnownFileType = wrapper.framework; name = CoreGraphics.framework; path = System/Library/Frameworks/CoreGraphics.framework; sourceTree = SDKROOT; };
		85BA17B418322E0D000A318C /* UIKit.framework */ = {isa = PBXFileReference; lastKnownFileType = wrapper.framework; name = UIKit.framework; path = System/Library/Frameworks/UIKit.framework; sourceTree = SDKROOT; };
		85BA17B818322E0D000A318C /* ProgressUp-Info.plist */ = {isa = PBXFileReference; lastKnownFileType = text.plist.xml; path = "ProgressUp-Info.plist"; sourceTree = "<group>"; };
		85BA17BA18322E0D000A318C /* en */ = {isa = PBXFileReference; lastKnownFileType = text.plist.strings; name = en; path = en.lproj/InfoPlist.strings; sourceTree = "<group>"; };
		85BA17BC18322E0D000A318C /* main.m */ = {isa = PBXFileReference; lastKnownFileType = sourcecode.c.objc; path = main.m; sourceTree = "<group>"; };
		85BA17BE18322E0D000A318C /* ProgressUp-Prefix.pch */ = {isa = PBXFileReference; lastKnownFileType = sourcecode.c.h; path = "ProgressUp-Prefix.pch"; sourceTree = "<group>"; };
		85BA17BF18322E0D000A318C /* AppDelegate.h */ = {isa = PBXFileReference; lastKnownFileType = sourcecode.c.h; path = AppDelegate.h; sourceTree = "<group>"; };
		85BA17C018322E0D000A318C /* AppDelegate.m */ = {isa = PBXFileReference; lastKnownFileType = sourcecode.c.objc; path = AppDelegate.m; sourceTree = "<group>"; };
		85BA17C318322E0D000A318C /* Base */ = {isa = PBXFileReference; lastKnownFileType = file.storyboard; name = Base; path = Base.lproj/Main_iPhone.storyboard; sourceTree = "<group>"; };
		85BA17C618322E0D000A318C /* Base */ = {isa = PBXFileReference; lastKnownFileType = file.storyboard; name = Base; path = Base.lproj/Main_iPad.storyboard; sourceTree = "<group>"; };
		85BA17C818322E0D000A318C /* ViewController.h */ = {isa = PBXFileReference; lastKnownFileType = sourcecode.c.h; path = ViewController.h; sourceTree = "<group>"; };
		85BA17C918322E0D000A318C /* ViewController.m */ = {isa = PBXFileReference; lastKnownFileType = sourcecode.c.objc; path = ViewController.m; sourceTree = "<group>"; };
		85BA17CB18322E0D000A318C /* Images.xcassets */ = {isa = PBXFileReference; lastKnownFileType = folder.assetcatalog; path = Images.xcassets; sourceTree = "<group>"; };
		85BA17D118322E0E000A318C /* ProgressUpTests.xctest */ = {isa = PBXFileReference; explicitFileType = wrapper.cfbundle; includeInIndex = 0; path = ProgressUpTests.xctest; sourceTree = BUILT_PRODUCTS_DIR; };
		85BA17D218322E0E000A318C /* XCTest.framework */ = {isa = PBXFileReference; lastKnownFileType = wrapper.framework; name = XCTest.framework; path = Library/Frameworks/XCTest.framework; sourceTree = DEVELOPER_DIR; };
		85BA17DA18322E0E000A318C /* ProgressUpTests-Info.plist */ = {isa = PBXFileReference; lastKnownFileType = text.plist.xml; path = "ProgressUpTests-Info.plist"; sourceTree = "<group>"; };
		85BA17DC18322E0E000A318C /* en */ = {isa = PBXFileReference; lastKnownFileType = text.plist.strings; name = en; path = en.lproj/InfoPlist.strings; sourceTree = "<group>"; };
		85BA17DE18322E0E000A318C /* ProgressUpTests.m */ = {isa = PBXFileReference; lastKnownFileType = sourcecode.c.objc; path = ProgressUpTests.m; sourceTree = "<group>"; };
		85DDA47A1832816800098D68 /* CurveView.h */ = {isa = PBXFileReference; fileEncoding = 4; lastKnownFileType = sourcecode.c.h; path = CurveView.h; sourceTree = "<group>"; };
		85DDA47B1832816800098D68 /* CurveView.m */ = {isa = PBXFileReference; fileEncoding = 4; lastKnownFileType = sourcecode.c.objc; path = CurveView.m; sourceTree = "<group>"; };
/* End PBXFileReference section */

/* Begin PBXFrameworksBuildPhase section */
		85BA17AA18322E0D000A318C /* Frameworks */ = {
			isa = PBXFrameworksBuildPhase;
			buildActionMask = 2147483647;
			files = (
				85BA17B318322E0D000A318C /* CoreGraphics.framework in Frameworks */,
				85BA17B518322E0D000A318C /* UIKit.framework in Frameworks */,
				85BA17B118322E0D000A318C /* Foundation.framework in Frameworks */,
			);
			runOnlyForDeploymentPostprocessing = 0;
		};
		85BA17CE18322E0E000A318C /* Frameworks */ = {
			isa = PBXFrameworksBuildPhase;
			buildActionMask = 2147483647;
			files = (
				85BA17D318322E0E000A318C /* XCTest.framework in Frameworks */,
				85BA17D518322E0E000A318C /* UIKit.framework in Frameworks */,
				85BA17D418322E0E000A318C /* Foundation.framework in Frameworks */,
			);
			runOnlyForDeploymentPostprocessing = 0;
		};
/* End PBXFrameworksBuildPhase section */

/* Begin PBXGroup section */
		85BA17A418322E0D000A318C = {
			isa = PBXGroup;
			children = (
				85BA17B618322E0D000A318C /* ProgressUp */,
				85BA17D818322E0E000A318C /* ProgressUpTests */,
				85BA17AF18322E0D000A318C /* Frameworks */,
				85BA17AE18322E0D000A318C /* Products */,
			);
			sourceTree = "<group>";
		};
		85BA17AE18322E0D000A318C /* Products */ = {
			isa = PBXGroup;
			children = (
				85BA17AD18322E0D000A318C /* ProgressUp.app */,
				85BA17D118322E0E000A318C /* ProgressUpTests.xctest */,
			);
			name = Products;
			sourceTree = "<group>";
		};
		85BA17AF18322E0D000A318C /* Frameworks */ = {
			isa = PBXGroup;
			children = (
				85BA17B018322E0D000A318C /* Foundation.framework */,
				85BA17B218322E0D000A318C /* CoreGraphics.framework */,
				85BA17B418322E0D000A318C /* UIKit.framework */,
				85BA17D218322E0E000A318C /* XCTest.framework */,
			);
			name = Frameworks;
			sourceTree = "<group>";
		};
		85BA17B618322E0D000A318C /* ProgressUp */ = {
			isa = PBXGroup;
			children = (
				85BA17BF18322E0D000A318C /* AppDelegate.h */,
				85BA17C018322E0D000A318C /* AppDelegate.m */,
				85BA17C218322E0D000A318C /* Main_iPhone.storyboard */,
				85BA17C518322E0D000A318C /* Main_iPad.storyboard */,
				85BA17C818322E0D000A318C /* ViewController.h */,
				85BA17C918322E0D000A318C /* ViewController.m */,
				85DDA47A1832816800098D68 /* CurveView.h */,
				85DDA47B1832816800098D68 /* CurveView.m */,
				85BA17CB18322E0D000A318C /* Images.xcassets */,
				85BA17B718322E0D000A318C /* Supporting Files */,
			);
			path = ProgressUp;
			sourceTree = "<group>";
		};
		85BA17B718322E0D000A318C /* Supporting Files */ = {
			isa = PBXGroup;
			children = (
				85BA17B818322E0D000A318C /* ProgressUp-Info.plist */,
				85BA17B918322E0D000A318C /* InfoPlist.strings */,
				85BA17BC18322E0D000A318C /* main.m */,
				85BA17BE18322E0D000A318C /* ProgressUp-Prefix.pch */,
			);
			name = "Supporting Files";
			sourceTree = "<group>";
		};
		85BA17D818322E0E000A318C /* ProgressUpTests */ = {
			isa = PBXGroup;
			children = (
				85BA17DE18322E0E000A318C /* ProgressUpTests.m */,
				85BA17D918322E0E000A318C /* Supporting Files */,
			);
			path = ProgressUpTests;
			sourceTree = "<group>";
		};
		85BA17D918322E0E000A318C /* Supporting Files */ = {
			isa = PBXGroup;
			children = (
				85BA17DA18322E0E000A318C /* ProgressUpTests-Info.plist */,
				85BA17DB18322E0E000A318C /* InfoPlist.strings */,
			);
			name = "Supporting Files";
			sourceTree = "<group>";
		};
/* End PBXGroup section */

/* Begin PBXNativeTarget section */
		85BA17AC18322E0D000A318C /* ProgressUp */ = {
			isa = PBXNativeTarget;
			buildConfigurationList = 85BA17E218322E0E000A318C /* Build configuration list for PBXNativeTarget "ProgressUp" */;
			buildPhases = (
				85BA17A918322E0D000A318C /* Sources */,
				85BA17AA18322E0D000A318C /* Frameworks */,
				85BA17AB18322E0D000A318C /* Resources */,
			);
			buildRules = (
			);
			dependencies = (
			);
			name = ProgressUp;
			productName = ProgressUp;
			productReference = 85BA17AD18322E0D000A318C /* ProgressUp.app */;
			productType = "com.apple.product-type.application";
		};
		85BA17D018322E0E000A318C /* ProgressUpTests */ = {
			isa = PBXNativeTarget;
			buildConfigurationList = 85BA17E518322E0E000A318C /* Build configuration list for PBXNativeTarget "ProgressUpTests" */;
			buildPhases = (
				85BA17CD18322E0E000A318C /* Sources */,
				85BA17CE18322E0E000A318C /* Frameworks */,
				85BA17CF18322E0E000A318C /* Resources */,
			);
			buildRules = (
			);
			dependencies = (
				85BA17D718322E0E000A318C /* PBXTargetDependency */,
			);
			name = ProgressUpTests;
			productName = ProgressUpTests;
			productReference = 85BA17D118322E0E000A318C /* ProgressUpTests.xctest */;
			productType = "com.apple.product-type.bundle.unit-test";
		};
/* End PBXNativeTarget section */

/* Begin PBXProject section */
		85BA17A518322E0D000A318C /* Project object */ = {
			isa = PBXProject;
			attributes = {
				LastUpgradeCheck = 0500;
				ORGANIZATIONNAME = Yongwei;
				TargetAttributes = {
					85BA17D018322E0E000A318C = {
						TestTargetID = 85BA17AC18322E0D000A318C;
					};
				};
			};
			buildConfigurationList = 85BA17A818322E0D000A318C /* Build configuration list for PBXProject "ProgressUp" */;
			compatibilityVersion = "Xcode 3.2";
			developmentRegion = English;
			hasScannedForEncodings = 0;
			knownRegions = (
				en,
				Base,
			);
			mainGroup = 85BA17A418322E0D000A318C;
			productRefGroup = 85BA17AE18322E0D000A318C /* Products */;
			projectDirPath = "";
			projectRoot = "";
			targets = (
				85BA17AC18322E0D000A318C /* ProgressUp */,
				85BA17D018322E0E000A318C /* ProgressUpTests */,
			);
		};
/* End PBXProject section */

/* Begin PBXResourcesBuildPhase section */
		85BA17AB18322E0D000A318C /* Resources */ = {
			isa = PBXResourcesBuildPhase;
			buildActionMask = 2147483647;
			files = (
				85BA17C718322E0D000A318C /* Main_iPad.storyboard in Resources */,
				85BA17CC18322E0D000A318C /* Images.xcassets in Resources */,
				85BA17C418322E0D000A318C /* Main_iPhone.storyboard in Resources */,
				85BA17BB18322E0D000A318C /* InfoPlist.strings in Resources */,
			);
			runOnlyForDeploymentPostprocessing = 0;
		};
		85BA17CF18322E0E000A318C /* Resources */ = {
			isa = PBXResourcesBuildPhase;
			buildActionMask = 2147483647;
			files = (
				85BA17DD18322E0E000A318C /* InfoPlist.strings in Resources */,
			);
			runOnlyForDeploymentPostprocessing = 0;
		};
/* End PBXResourcesBuildPhase section */

/* Begin PBXSourcesBuildPhase section */
		85BA17A918322E0D000A318C /* Sources */ = {
			isa = PBXSourcesBuildPhase;
			buildActionMask = 2147483647;
			files = (
				85BA17CA18322E0D000A318C /* ViewController.m in Sources */,
				85BA17C118322E0D000A318C /* AppDelegate.m in Sources */,
				85DDA47C1832816800098D68 /* CurveView.m in Sources */,
				85BA17BD18322E0D000A318C /* main.m in Sources */,
			);
			runOnlyForDeploymentPostprocessing = 0;
		};
		85BA17CD18322E0E000A318C /* Sources */ = {
			isa = PBXSourcesBuildPhase;
			buildActionMask = 2147483647;
			files = (
				85BA17DF18322E0E000A318C /* ProgressUpTests.m in Sources */,
			);
			runOnlyForDeploymentPostprocessing = 0;
		};
/* End PBXSourcesBuildPhase section */

/* Begin PBXTargetDependency section */
		85BA17D718322E0E000A318C /* PBXTargetDependency */ = {
			isa = PBXTargetDependency;
			target = 85BA17AC18322E0D000A318C /* ProgressUp */;
			targetProxy = 85BA17D618322E0E000A318C /* PBXContainerItemProxy */;
		};
/* End PBXTargetDependency section */

/* Begin PBXVariantGroup section */
		85BA17B918322E0D000A318C /* InfoPlist.strings */ = {
			isa = PBXVariantGroup;
			children = (
				85BA17BA18322E0D000A318C /* en */,
			);
			name = InfoPlist.strings;
			sourceTree = "<group>";
		};
		85BA17C218322E0D000A318C /* Main_iPhone.storyboard */ = {
			isa = PBXVariantGroup;
			children = (
				85BA17C318322E0D000A318C /* Base */,
			);
			name = Main_iPhone.storyboard;
			sourceTree = "<group>";
		};
		85BA17C518322E0D000A318C /* Main_iPad.storyboard */ = {
			isa = PBXVariantGroup;
			children = (
				85BA17C618322E0D000A318C /* Base */,
			);
			name = Main_iPad.storyboard;
			sourceTree = "<group>";
		};
		85BA17DB18322E0E000A318C /* InfoPlist.strings */ = {
			isa = PBXVariantGroup;
			children = (
				85BA17DC18322E0E000A318C /* en */,
			);
			name = InfoPlist.strings;
			sourceTree = "<group>";
		};
/* End PBXVariantGroup section */

/* Begin XCBuildConfiguration section */
		85BA17E018322E0E000A318C /* Debug */ = {
			isa = XCBuildConfiguration;
			buildSettings = {
				ALWAYS_SEARCH_USER_PATHS = NO;
				ARCHS = "$(ARCHS_STANDARD_INCLUDING_64_BIT)";
				CLANG_CXX_LANGUAGE_STANDARD = "gnu++0x";
				CLANG_CXX_LIBRARY = "libc++";
				CLANG_ENABLE_MODULES = YES;
				CLANG_ENABLE_OBJC_ARC = YES;
				CLANG_WARN_BOOL_CONVERSION = YES;
				CLANG_WARN_CONSTANT_CONVERSION = YES;
				CLANG_WARN_DIRECT_OBJC_ISA_USAGE = YES_ERROR;
				CLANG_WARN_EMPTY_BODY = YES;
				CLANG_WARN_ENUM_CONVERSION = YES;
				CLANG_WARN_INT_CONVERSION = YES;
				CLANG_WARN_OBJC_ROOT_CLASS = YES_ERROR;
				CLANG_WARN__DUPLICATE_METHOD_MATCH = YES;
				"CODE_SIGN_IDENTITY[sdk=iphoneos*]" = "iPhone Developer";
				COPY_PHASE_STRIP = NO;
				GCC_C_LANGUAGE_STANDARD = gnu99;
				GCC_DYNAMIC_NO_PIC = NO;
				GCC_OPTIMIZATION_LEVEL = 0;
				GCC_PREPROCESSOR_DEFINITIONS = (
					"DEBUG=1",
					"$(inherited)",
				);
				GCC_SYMBOLS_PRIVATE_EXTERN = NO;
				GCC_WARN_64_TO_32_BIT_CONVERSION = YES;
				GCC_WARN_ABOUT_RETURN_TYPE = YES_ERROR;
				GCC_WARN_UNDECLARED_SELECTOR = YES;
				GCC_WARN_UNINITIALIZED_AUTOS = YES;
				GCC_WARN_UNUSED_FUNCTION = YES;
				GCC_WARN_UNUSED_VARIABLE = YES;
				IPHONEOS_DEPLOYMENT_TARGET = 7.0;
				ONLY_ACTIVE_ARCH = YES;
				SDKROOT = iphoneos;
				TARGETED_DEVICE_FAMILY = "1,2";
			};
			name = Debug;
		};
		85BA17E118322E0E000A318C /* Release */ = {
			isa = XCBuildConfiguration;
			buildSettings = {
				ALWAYS_SEARCH_USER_PATHS = NO;
				ARCHS = "$(ARCHS_STANDARD_INCLUDING_64_BIT)";
				CLANG_CXX_LANGUAGE_STANDARD = "gnu++0x";
				CLANG_CXX_LIBRARY = "libc++";
				CLANG_ENABLE_MODULES = YES;
				CLANG_ENABLE_OBJC_ARC = YES;
				CLANG_WARN_BOOL_CONVERSION = YES;
				CLANG_WARN_CONSTANT_CONVERSION = YES;
				CLANG_WARN_DIRECT_OBJC_ISA_USAGE = YES_ERROR;
				CLANG_WARN_EMPTY_BODY = YES;
				CLANG_WARN_ENUM_CONVERSION = YES;
				CLANG_WARN_INT_CONVERSION = YES;
				CLANG_WARN_OBJC_ROOT_CLASS = YES_ERROR;
				CLANG_WARN__DUPLICATE_METHOD_MATCH = YES;
				"CODE_SIGN_IDENTITY[sdk=iphoneos*]" = "iPhone Developer";
				COPY_PHASE_STRIP = YES;
				ENABLE_NS_ASSERTIONS = NO;
				GCC_C_LANGUAGE_STANDARD = gnu99;
				GCC_WARN_64_TO_32_BIT_CONVERSION = YES;
				GCC_WARN_ABOUT_RETURN_TYPE = YES_ERROR;
				GCC_WARN_UNDECLARED_SELECTOR = YES;
				GCC_WARN_UNINITIALIZED_AUTOS = YES;
				GCC_WARN_UNUSED_FUNCTION = YES;
				GCC_WARN_UNUSED_VARIABLE = YES;
				IPHONEOS_DEPLOYMENT_TARGET = 7.0;
				SDKROOT = iphoneos;
				TARGETED_DEVICE_FAMILY = "1,2";
				VALIDATE_PRODUCT = YES;
			};
			name = Release;
		};
		85BA17E318322E0E000A318C /* Debug */ = {
			isa = XCBuildConfiguration;
			buildSettings = {
				ASSETCATALOG_COMPILER_APPICON_NAME = AppIcon;
				ASSETCATALOG_COMPILER_LAUNCHIMAGE_NAME = LaunchImage;
				GCC_PRECOMPILE_PREFIX_HEADER = YES;
				GCC_PREFIX_HEADER = "ProgressUp/ProgressUp-Prefix.pch";
				INFOPLIST_FILE = "ProgressUp/ProgressUp-Info.plist";
				IPHONEOS_DEPLOYMENT_TARGET = 6.1;
				PRODUCT_NAME = "$(TARGET_NAME)";
				WRAPPER_EXTENSION = app;
			};
			name = Debug;
		};
		85BA17E418322E0E000A318C /* Release */ = {
			isa = XCBuildConfiguration;
			buildSettings = {
				ASSETCATALOG_COMPILER_APPICON_NAME = AppIcon;
				ASSETCATALOG_COMPILER_LAUNCHIMAGE_NAME = LaunchImage;
				GCC_PRECOMPILE_PREFIX_HEADER = YES;
				GCC_PREFIX_HEADER = "ProgressUp/ProgressUp-Prefix.pch";
				INFOPLIST_FILE = "ProgressUp/ProgressUp-Info.plist";
				IPHONEOS_DEPLOYMENT_TARGET = 6.1;
				PRODUCT_NAME = "$(TARGET_NAME)";
				WRAPPER_EXTENSION = app;
			};
			name = Release;
		};
		85BA17E618322E0E000A318C /* Debug */ = {
			isa = XCBuildConfiguration;
			buildSettings = {
				ARCHS = "$(ARCHS_STANDARD_INCLUDING_64_BIT)";
				BUNDLE_LOADER = "$(BUILT_PRODUCTS_DIR)/ProgressUp.app/ProgressUp";
				FRAMEWORK_SEARCH_PATHS = (
					"$(SDKROOT)/Developer/Library/Frameworks",
					"$(inherited)",
					"$(DEVELOPER_FRAMEWORKS_DIR)",
				);
				GCC_PRECOMPILE_PREFIX_HEADER = YES;
				GCC_PREFIX_HEADER = "ProgressUp/ProgressUp-Prefix.pch";
				GCC_PREPROCESSOR_DEFINITIONS = (
					"DEBUG=1",
					"$(inherited)",
				);
				INFOPLIST_FILE = "ProgressUpTests/ProgressUpTests-Info.plist";
				PRODUCT_NAME = "$(TARGET_NAME)";
				TEST_HOST = "$(BUNDLE_LOADER)";
				WRAPPER_EXTENSION = xctest;
			};
			name = Debug;
		};
		85BA17E718322E0E000A318C /* Release */ = {
			isa = XCBuildConfiguration;
			buildSettings = {
				ARCHS = "$(ARCHS_STANDARD_INCLUDING_64_BIT)";
				BUNDLE_LOADER = "$(BUILT_PRODUCTS_DIR)/ProgressUp.app/ProgressUp";
				FRAMEWORK_SEARCH_PATHS = (
					"$(SDKROOT)/Developer/Library/Frameworks",
					"$(inherited)",
					"$(DEVELOPER_FRAMEWORKS_DIR)",
				);
				GCC_PRECOMPILE_PREFIX_HEADER = YES;
				GCC_PREFIX_HEADER = "ProgressUp/ProgressUp-Prefix.pch";
				INFOPLIST_FILE = "ProgressUpTests/ProgressUpTests-Info.plist";
				PRODUCT_NAME = "$(TARGET_NAME)";
				TEST_HOST = "$(BUNDLE_LOADER)";
				WRAPPER_EXTENSION = xctest;
			};
			name = Release;
		};
/* End XCBuildConfiguration section */

/* Begin XCConfigurationList section */
		85BA17A818322E0D000A318C /* Build configuration list for PBXProject "ProgressUp" */ = {
			isa = XCConfigurationList;
			buildConfigurations = (
				85BA17E018322E0E000A318C /* Debug */,
				85BA17E118322E0E000A318C /* Release */,
			);
			defaultConfigurationIsVisible = 0;
			defaultConfigurationName = Release;
		};
		85BA17E218322E0E000A318C /* Build configuration list for PBXNativeTarget "ProgressUp" */ = {
			isa = XCConfigurationList;
			buildConfigurations = (
				85BA17E318322E0E000A318C /* Debug */,
				85BA17E418322E0E000A318C /* Release */,
			);
			defaultConfigurationIsVisible = 0;
			defaultConfigurationName = Release;
		};
		85BA17E518322E0E000A318C /* Build configuration list for PBXNativeTarget "ProgressUpTests" */ = {
			isa = XCConfigurationList;
			buildConfigurations = (
				85BA17E618322E0E000A318C /* Debug */,
				85BA17E718322E0E000A318C /* Release */,
			);
			defaultConfigurationIsVisible = 0;
			defaultConfigurationName = Release;
		};
/* End XCConfigurationList section */
	};
	rootObject = 85BA17A518322E0D000A318C /* Project object */;
}
